SITE
  remote: http://supermarket.getchef.com/api/v1
  specs:
    apt (4.0.2)
      compat_resource (>= 12.10)
    ark (1.2.0)
      build-essential (>= 0.0.0)
      seven_zip (>= 0.0.0)
      windows (>= 0.0.0)
    build-essential (6.0.4)
      compat_resource (>= 12.10)
      mingw (>= 1.1)
      seven_zip (>= 0.0.0)
    chef-sugar (3.4.0)
    chef_gem (0.1.0)
    chef_handler (1.4.0)
    compat_resource (12.10.7)
    dmg (2.4.0)
    elasticsearch (2.3.2)
      apt (>= 0.0.0)
      ark (>= 0.0.0)
      chef-sugar (>= 0.0.0)
      yum (>= 0.0.0)
    git (4.6.0)
      build-essential (>= 0.0.0)
      dmg (>= 0.0.0)
      windows (>= 0.0.0)
      yum-epel (>= 0.0.0)
    homebrew (2.1.0)
      build-essential (>= 2.1.2)
    hostname (0.4.0)
      hostsfile (>= 0.0.0)
    hostsfile (2.4.5)
    imagemagick (0.2.3)
    iptables (2.2.0)
    locale (1.1.0)
    mingw (1.2.4)
      compat_resource (>= 0.0.0)
      seven_zip (>= 0.0.0)
    nodejs (2.4.4)
      apt (>= 0.0.0)
      ark (>= 0.0.0)
      build-essential (>= 0.0.0)
      homebrew (>= 0.0.0)
      yum-epel (>= 0.0.0)
    ohai (4.2.0)
      compat_resource (>= 12.10)
    openssh (2.0.0)
      iptables (>= 1.0)
    openssl (4.4.0)
      chef-sugar (>= 3.1.1)
    php-fpm (0.7.6)
      apt (>= 0.0.0)
      yum (>= 3.0)
    postgresql (4.0.6)
      apt (>= 1.9.0)
      build-essential (>= 0.0.0)
      openssl (~> 4.0)
    redisio (2.4.2)
      build-essential (>= 0.0.0)
      ulimit (>= 0.1.2)
    rvm (0.9.4)
      chef_gem (>= 0.0.0)
    seven_zip (2.0.1)
      windows (>= 1.2.2)
    sudo (2.11.0)
    swap (0.3.8)
    timezone-ii (0.2.0)
    ulimit (0.4.0)
    windows (1.44.3)
      chef_handler (>= 0.0.0)
    yum (3.11.0)
    yum-epel (0.7.1)
      yum (>= 3.6.3)

DEPENDENCIES
  apt (>= 0)
  build-essential (>= 0)
  chef_gem (>= 0)
  elasticsearch (>= 0)
  git (>= 0)
  hostname (>= 0)
  imagemagick (>= 0)
  locale (>= 0)
  nodejs (>= 0)
  ohai (>= 0)
  openssh (>= 0)
  php-fpm (~> 0.7.6)
  postgresql (>= 0)
  redisio (>= 0)
  rvm (>= 0)
  sudo (>= 0)
  swap (>= 0)
  timezone-ii (>= 0)

